// !$*UTF8*$!
{
	archiveVersion = 1;
	classes = {
	};
	objectVersion = 56;
	objects = {

/* Begin PBXBuildFile section */
		208C260529A5FE65002F7545 /* AppDelegate.swift in Sources */ = {isa = PBXBuildFile; fileRef = 208C260429A5FE65002F7545 /* AppDelegate.swift */; };
		208C260729A5FE65002F7545 /* SceneDelegate.swift in Sources */ = {isa = PBXBuildFile; fileRef = 208C260629A5FE65002F7545 /* SceneDelegate.swift */; };
		208C260929A5FE65002F7545 /* RMTabViewController.swift in Sources */ = {isa = PBXBuildFile; fileRef = 208C260829A5FE65002F7545 /* RMTabViewController.swift */; };
		208C260E29A5FE67002F7545 /* Assets.xcassets in Resources */ = {isa = PBXBuildFile; fileRef = 208C260D29A5FE67002F7545 /* Assets.xcassets */; };
		208C261129A5FE67002F7545 /* LaunchScreen.storyboard in Resources */ = {isa = PBXBuildFile; fileRef = 208C260F29A5FE67002F7545 /* LaunchScreen.storyboard */; };
		20AFD0E029B6111F0045A9BD /* RMLocation.swift in Sources */ = {isa = PBXBuildFile; fileRef = 20AFD0DF29B6111F0045A9BD /* RMLocation.swift */; };
		20AFD0E229B6112D0045A9BD /* RMCharacter.swift in Sources */ = {isa = PBXBuildFile; fileRef = 20AFD0E129B6112D0045A9BD /* RMCharacter.swift */; };
		20AFD0E429B611480045A9BD /* RMEpisode.swift in Sources */ = {isa = PBXBuildFile; fileRef = 20AFD0E329B611480045A9BD /* RMEpisode.swift */; };
		20AFD0E729B611D00045A9BD /* RMCharacterViewController.swift in Sources */ = {isa = PBXBuildFile; fileRef = 20AFD0E629B611D00045A9BD /* RMCharacterViewController.swift */; };
		20AFD0E929B611E10045A9BD /* RMEpisodeViewController.swift in Sources */ = {isa = PBXBuildFile; fileRef = 20AFD0E829B611E10045A9BD /* RMEpisodeViewController.swift */; };
		20AFD0EB29B611F70045A9BD /* RMLocationViewController.swift in Sources */ = {isa = PBXBuildFile; fileRef = 20AFD0EA29B611F70045A9BD /* RMLocationViewController.swift */; };
		20AFD0ED29B6120B0045A9BD /* RMSettingsViewController.swift in Sources */ = {isa = PBXBuildFile; fileRef = 20AFD0EC29B6120B0045A9BD /* RMSettingsViewController.swift */; };
/* End PBXBuildFile section */

/* Begin PBXFileReference section */
		208C260129A5FE65002F7545 /* RickAndMorty.app */ = {isa = PBXFileReference; explicitFileType = wrapper.application; includeInIndex = 0; path = RickAndMorty.app; sourceTree = BUILT_PRODUCTS_DIR; };
		208C260429A5FE65002F7545 /* AppDelegate.swift */ = {isa = PBXFileReference; lastKnownFileType = sourcecode.swift; path = AppDelegate.swift; sourceTree = "<group>"; };
		208C260629A5FE65002F7545 /* SceneDelegate.swift */ = {isa = PBXFileReference; lastKnownFileType = sourcecode.swift; path = SceneDelegate.swift; sourceTree = "<group>"; };
		208C260829A5FE65002F7545 /* RMTabViewController.swift */ = {isa = PBXFileReference; lastKnownFileType = sourcecode.swift; path = RMTabViewController.swift; sourceTree = "<group>"; };
		208C260D29A5FE67002F7545 /* Assets.xcassets */ = {isa = PBXFileReference; lastKnownFileType = folder.assetcatalog; path = Assets.xcassets; sourceTree = "<group>"; };
		208C261029A5FE67002F7545 /* Base */ = {isa = PBXFileReference; lastKnownFileType = file.storyboard; name = Base; path = Base.lproj/LaunchScreen.storyboard; sourceTree = "<group>"; };
		208C261229A5FE67002F7545 /* Info.plist */ = {isa = PBXFileReference; lastKnownFileType = text.plist.xml; path = Info.plist; sourceTree = "<group>"; };
		20AFD0DF29B6111F0045A9BD /* RMLocation.swift */ = {isa = PBXFileReference; lastKnownFileType = sourcecode.swift; path = RMLocation.swift; sourceTree = "<group>"; };
		20AFD0E129B6112D0045A9BD /* RMCharacter.swift */ = {isa = PBXFileReference; lastKnownFileType = sourcecode.swift; path = RMCharacter.swift; sourceTree = "<group>"; };
		20AFD0E329B611480045A9BD /* RMEpisode.swift */ = {isa = PBXFileReference; lastKnownFileType = sourcecode.swift; path = RMEpisode.swift; sourceTree = "<group>"; };
		20AFD0E629B611D00045A9BD /* RMCharacterViewController.swift */ = {isa = PBXFileReference; lastKnownFileType = sourcecode.swift; path = RMCharacterViewController.swift; sourceTree = "<group>"; };
		20AFD0E829B611E10045A9BD /* RMEpisodeViewController.swift */ = {isa = PBXFileReference; lastKnownFileType = sourcecode.swift; path = RMEpisodeViewController.swift; sourceTree = "<group>"; };
		20AFD0EA29B611F70045A9BD /* RMLocationViewController.swift */ = {isa = PBXFileReference; lastKnownFileType = sourcecode.swift; path = RMLocationViewController.swift; sourceTree = "<group>"; };
		20AFD0EC29B6120B0045A9BD /* RMSettingsViewController.swift */ = {isa = PBXFileReference; lastKnownFileType = sourcecode.swift; path = RMSettingsViewController.swift; sourceTree = "<group>"; };
/* End PBXFileReference section */

/* Begin PBXFrameworksBuildPhase section */
		208C25FE29A5FE65002F7545 /* Frameworks */ = {
			isa = PBXFrameworksBuildPhase;
			buildActionMask = 2147483647;
			files = (
			);
			runOnlyForDeploymentPostprocessing = 0;
		};
/* End PBXFrameworksBuildPhase section */

/* Begin PBXGroup section */
		208C25F829A5FE65002F7545 = {
			isa = PBXGroup;
			children = (
				208C260329A5FE65002F7545 /* RickAndMorty */,
				208C260229A5FE65002F7545 /* Products */,
			);
			sourceTree = "<group>";
		};
		208C260229A5FE65002F7545 /* Products */ = {
			isa = PBXGroup;
			children = (
				208C260129A5FE65002F7545 /* RickAndMorty.app */,
			);
			name = Products;
			sourceTree = "<group>";
		};
		208C260329A5FE65002F7545 /* RickAndMorty */ = {
			isa = PBXGroup;
			children = (
				20AFD0DE29B610730045A9BD /* Resources */,
				20AFD0DD29B6106D0045A9BD /* Managers */,
				20AFD0DC29B6105D0045A9BD /* APIClient */,
				20AFD0DB29B610450045A9BD /* ViewModels */,
				20AFD0DA29B6103C0045A9BD /* Models */,
				20AFD0D829B6102A0045A9BD /* Views */,
				20AFD0D929B610310045A9BD /* Controllers */,
				208C261229A5FE67002F7545 /* Info.plist */,
			);
			path = RickAndMorty;
			sourceTree = "<group>";
		};
		20AFD0D829B6102A0045A9BD /* Views */ = {
			isa = PBXGroup;
			children = (
			);
			path = Views;
			sourceTree = "<group>";
		};
		20AFD0D929B610310045A9BD /* Controllers */ = {
			isa = PBXGroup;
			children = (
				20AFD0E529B611B20045A9BD /* Core */,
			);
			path = Controllers;
			sourceTree = "<group>";
		};
		20AFD0DA29B6103C0045A9BD /* Models */ = {
			isa = PBXGroup;
			children = (
				20AFD0DF29B6111F0045A9BD /* RMLocation.swift */,
				20AFD0E129B6112D0045A9BD /* RMCharacter.swift */,
				20AFD0E329B611480045A9BD /* RMEpisode.swift */,
			);
			path = Models;
			sourceTree = "<group>";
		};
		20AFD0DB29B610450045A9BD /* ViewModels */ = {
			isa = PBXGroup;
			children = (
			);
			path = ViewModels;
			sourceTree = "<group>";
		};
		20AFD0DC29B6105D0045A9BD /* APIClient */ = {
			isa = PBXGroup;
			children = (
			);
			path = APIClient;
			sourceTree = "<group>";
		};
		20AFD0DD29B6106D0045A9BD /* Managers */ = {
			isa = PBXGroup;
			children = (
			);
			path = Managers;
			sourceTree = "<group>";
		};
		20AFD0DE29B610730045A9BD /* Resources */ = {
			isa = PBXGroup;
			children = (
				208C260429A5FE65002F7545 /* AppDelegate.swift */,
				208C260629A5FE65002F7545 /* SceneDelegate.swift */,
				208C260D29A5FE67002F7545 /* Assets.xcassets */,
				208C260F29A5FE67002F7545 /* LaunchScreen.storyboard */,
			);
			path = Resources;
			sourceTree = "<group>";
		};
		20AFD0E529B611B20045A9BD /* Core */ = {
			isa = PBXGroup;
			children = (
				208C260829A5FE65002F7545 /* RMTabViewController.swift */,
				20AFD0E629B611D00045A9BD /* RMCharacterViewController.swift */,
				20AFD0E829B611E10045A9BD /* RMEpisodeViewController.swift */,
				20AFD0EA29B611F70045A9BD /* RMLocationViewController.swift */,
				20AFD0EC29B6120B0045A9BD /* RMSettingsViewController.swift */,
			);
			path = Core;
			sourceTree = "<group>";
		};
/* End PBXGroup section */

/* Begin PBXNativeTarget section */
		208C260029A5FE65002F7545 /* RickAndMorty */ = {
			isa = PBXNativeTarget;
			buildConfigurationList = 208C261529A5FE67002F7545 /* Build configuration list for PBXNativeTarget "RickAndMorty" */;
			buildPhases = (
				208C25FD29A5FE65002F7545 /* Sources */,
				208C25FE29A5FE65002F7545 /* Frameworks */,
				208C25FF29A5FE65002F7545 /* Resources */,
			);
			buildRules = (
			);
			dependencies = (
			);
			name = RickAndMorty;
			productName = RickAndMorty;
			productReference = 208C260129A5FE65002F7545 /* RickAndMorty.app */;
			productType = "com.apple.product-type.application";
		};
/* End PBXNativeTarget section */

/* Begin PBXProject section */
		208C25F929A5FE65002F7545 /* Project object */ = {
			isa = PBXProject;
			attributes = {
				BuildIndependentTargetsInParallel = 1;
				LastSwiftUpdateCheck = 1420;
				LastUpgradeCheck = 1420;
				TargetAttributes = {
					208C260029A5FE65002F7545 = {
						CreatedOnToolsVersion = 14.2;
					};
				};
			};
			buildConfigurationList = 208C25FC29A5FE65002F7545 /* Build configuration list for PBXProject "RickAndMorty" */;
			compatibilityVersion = "Xcode 14.0";
			developmentRegion = en;
			hasScannedForEncodings = 0;
			knownRegions = (
				en,
				Base,
			);
			mainGroup = 208C25F829A5FE65002F7545;
			productRefGroup = 208C260229A5FE65002F7545 /* Products */;
			projectDirPath = "";
			projectRoot = "";
			targets = (
				208C260029A5FE65002F7545 /* RickAndMorty */,
			);
		};
/* End PBXProject section */

/* Begin PBXResourcesBuildPhase section */
		208C25FF29A5FE65002F7545 /* Resources */ = {
			isa = PBXResourcesBuildPhase;
			buildActionMask = 2147483647;
			files = (
				208C261129A5FE67002F7545 /* LaunchScreen.storyboard in Resources */,
				208C260E29A5FE67002F7545 /* Assets.xcassets in Resources */,
			);
			runOnlyForDeploymentPostprocessing = 0;
		};
/* End PBXResourcesBuildPhase section */

/* Begin PBXSourcesBuildPhase section */
		208C25FD29A5FE65002F7545 /* Sources */ = {
			isa = PBXSourcesBuildPhase;
			buildActionMask = 2147483647;
			files = (
				20AFD0EB29B611F70045A9BD /* RMLocationViewController.swift in Sources */,
				20AFD0E429B611480045A9BD /* RMEpisode.swift in Sources */,
				208C260929A5FE65002F7545 /* RMTabViewController.swift in Sources */,
				208C260529A5FE65002F7545 /* AppDelegate.swift in Sources */,
				208C260729A5FE65002F7545 /* SceneDelegate.swift in Sources */,
				20AFD0E029B6111F0045A9BD /* RMLocation.swift in Sources */,
				20AFD0ED29B6120B0045A9BD /* RMSettingsViewController.swift in Sources */,
				20AFD0E229B6112D0045A9BD /* RMCharacter.swift in Sources */,
				20AFD0E729B611D00045A9BD /* RMCharacterViewController.swift in Sources */,
				20AFD0E929B611E10045A9BD /* RMEpisodeViewController.swift in Sources */,
			);
			runOnlyForDeploymentPostprocessing = 0;
		};
/* End PBXSourcesBuildPhase section */

/* Begin PBXVariantGroup section */
		208C260F29A5FE67002F7545 /* LaunchScreen.storyboard */ = {
			isa = PBXVariantGroup;
			children = (
				208C261029A5FE67002F7545 /* Base */,
			);
			name = LaunchScreen.storyboard;
			sourceTree = "<group>";
		};
/* End PBXVariantGroup section */

/* Begin XCBuildConfiguration section */
		208C261329A5FE67002F7545 /* Debug */ = {
			isa = XCBuildConfiguration;
			buildSettings = {
				ALWAYS_SEARCH_USER_PATHS = NO;
				CLANG_ANALYZER_NONNULL = YES;
				CLANG_ANALYZER_NUMBER_OBJECT_CONVERSION = YES_AGGRESSIVE;
				CLANG_CXX_LANGUAGE_STANDARD = "gnu++20";
				CLANG_ENABLE_MODULES = YES;
				CLANG_ENABLE_OBJC_ARC = YES;
				CLANG_ENABLE_OBJC_WEAK = YES;
				CLANG_WARN_BLOCK_CAPTURE_AUTORELEASING = YES;
				CLANG_WARN_BOOL_CONVERSION = YES;
				CLANG_WARN_COMMA = YES;
				CLANG_WARN_CONSTANT_CONVERSION = YES;
				CLANG_WARN_DEPRECATED_OBJC_IMPLEMENTATIONS = YES;
				CLANG_WARN_DIRECT_OBJC_ISA_USAGE = YES_ERROR;
				CLANG_WARN_DOCUMENTATION_COMMENTS = YES;
				CLANG_WARN_EMPTY_BODY = YES;
				CLANG_WARN_ENUM_CONVERSION = YES;
				CLANG_WARN_INFINITE_RECURSION = YES;
				CLANG_WARN_INT_CONVERSION = YES;
				CLANG_WARN_NON_LITERAL_NULL_CONVERSION = YES;
				CLANG_WARN_OBJC_IMPLICIT_RETAIN_SELF = YES;
				CLANG_WARN_OBJC_LITERAL_CONVERSION = YES;
				CLANG_WARN_OBJC_ROOT_CLASS = YES_ERROR;
				CLANG_WARN_QUOTED_INCLUDE_IN_FRAMEWORK_HEADER = YES;
				CLANG_WARN_RANGE_LOOP_ANALYSIS = YES;
				CLANG_WARN_STRICT_PROTOTYPES = YES;
				CLANG_WARN_SUSPICIOUS_MOVE = YES;
				CLANG_WARN_UNGUARDED_AVAILABILITY = YES_AGGRESSIVE;
				CLANG_WARN_UNREACHABLE_CODE = YES;
				CLANG_WARN__DUPLICATE_METHOD_MATCH = YES;
				COPY_PHASE_STRIP = NO;
				DEBUG_INFORMATION_FORMAT = dwarf;
				ENABLE_STRICT_OBJC_MSGSEND = YES;
				ENABLE_TESTABILITY = YES;
				GCC_C_LANGUAGE_STANDARD = gnu11;
				GCC_DYNAMIC_NO_PIC = NO;
				GCC_NO_COMMON_BLOCKS = YES;
				GCC_OPTIMIZATION_LEVEL = 0;
				GCC_PREPROCESSOR_DEFINITIONS = (
					"DEBUG=1",
					"$(inherited)",
				);
				GCC_WARN_64_TO_32_BIT_CONVERSION = YES;
				GCC_WARN_ABOUT_RETURN_TYPE = YES_ERROR;
				GCC_WARN_UNDECLARED_SELECTOR = YES;
				GCC_WARN_UNINITIALIZED_AUTOS = YES_AGGRESSIVE;
				GCC_WARN_UNUSED_FUNCTION = YES;
				GCC_WARN_UNUSED_VARIABLE = YES;
				IPHONEOS_DEPLOYMENT_TARGET = 16.2;
				MTL_ENABLE_DEBUG_INFO = INCLUDE_SOURCE;
				MTL_FAST_MATH = YES;
				ONLY_ACTIVE_ARCH = YES;
				SDKROOT = iphoneos;
				SWIFT_ACTIVE_COMPILATION_CONDITIONS = DEBUG;
				SWIFT_OPTIMIZATION_LEVEL = "-Onone";
			};
			name = Debug;
		};
		208C261429A5FE67002F7545 /* Release */ = {
			isa = XCBuildConfiguration;
			buildSettings = {
				ALWAYS_SEARCH_USER_PATHS = NO;
				CLANG_ANALYZER_NONNULL = YES;
				CLANG_ANALYZER_NUMBER_OBJECT_CONVERSION = YES_AGGRESSIVE;
				CLANG_CXX_LANGUAGE_STANDARD = "gnu++20";
				CLANG_ENABLE_MODULES = YES;
				CLANG_ENABLE_OBJC_ARC = YES;
				CLANG_ENABLE_OBJC_WEAK = YES;
				CLANG_WARN_BLOCK_CAPTURE_AUTORELEASING = YES;
				CLANG_WARN_BOOL_CONVERSION = YES;
				CLANG_WARN_COMMA = YES;
				CLANG_WARN_CONSTANT_CONVERSION = YES;
				CLANG_WARN_DEPRECATED_OBJC_IMPLEMENTATIONS = YES;
				CLANG_WARN_DIRECT_OBJC_ISA_USAGE = YES_ERROR;
				CLANG_WARN_DOCUMENTATION_COMMENTS = YES;
				CLANG_WARN_EMPTY_BODY = YES;
				CLANG_WARN_ENUM_CONVERSION = YES;
				CLANG_WARN_INFINITE_RECURSION = YES;
				CLANG_WARN_INT_CONVERSION = YES;
				CLANG_WARN_NON_LITERAL_NULL_CONVERSION = YES;
				CLANG_WARN_OBJC_IMPLICIT_RETAIN_SELF = YES;
				CLANG_WARN_OBJC_LITERAL_CONVERSION = YES;
				CLANG_WARN_OBJC_ROOT_CLASS = YES_ERROR;
				CLANG_WARN_QUOTED_INCLUDE_IN_FRAMEWORK_HEADER = YES;
				CLANG_WARN_RANGE_LOOP_ANALYSIS = YES;
				CLANG_WARN_STRICT_PROTOTYPES = YES;
				CLANG_WARN_SUSPICIOUS_MOVE = YES;
				CLANG_WARN_UNGUARDED_AVAILABILITY = YES_AGGRESSIVE;
				CLANG_WARN_UNREACHABLE_CODE = YES;
				CLANG_WARN__DUPLICATE_METHOD_MATCH = YES;
				COPY_PHASE_STRIP = NO;
				DEBUG_INFORMATION_FORMAT = "dwarf-with-dsym";
				ENABLE_NS_ASSERTIONS = NO;
				ENABLE_STRICT_OBJC_MSGSEND = YES;
				GCC_C_LANGUAGE_STANDARD = gnu11;
				GCC_NO_COMMON_BLOCKS = YES;
				GCC_WARN_64_TO_32_BIT_CONVERSION = YES;
				GCC_WARN_ABOUT_RETURN_TYPE = YES_ERROR;
				GCC_WARN_UNDECLARED_SELECTOR = YES;
				GCC_WARN_UNINITIALIZED_AUTOS = YES_AGGRESSIVE;
				GCC_WARN_UNUSED_FUNCTION = YES;
				GCC_WARN_UNUSED_VARIABLE = YES;
				IPHONEOS_DEPLOYMENT_TARGET = 16.2;
				MTL_ENABLE_DEBUG_INFO = NO;
				MTL_FAST_MATH = YES;
				SDKROOT = iphoneos;
				SWIFT_COMPILATION_MODE = wholemodule;
				SWIFT_OPTIMIZATION_LEVEL = "-O";
				VALIDATE_PRODUCT = YES;
			};
			name = Release;
		};
		208C261629A5FE67002F7545 /* Debug */ = {
			isa = XCBuildConfiguration;
			buildSettings = {
				ASSETCATALOG_COMPILER_APPICON_NAME = AppIcon;
				ASSETCATALOG_COMPILER_GLOBAL_ACCENT_COLOR_NAME = AccentColor;
				CODE_SIGN_STYLE = Automatic;
				CURRENT_PROJECT_VERSION = 1;
				DEVELOPMENT_TEAM = ZPSVCH7SV3;
				GENERATE_INFOPLIST_FILE = YES;
				INFOPLIST_FILE = RickAndMorty/Info.plist;
				INFOPLIST_KEY_UIApplicationSupportsIndirectInputEvents = YES;
				INFOPLIST_KEY_UILaunchStoryboardName = LaunchScreen;
				INFOPLIST_KEY_UISupportedInterfaceOrientations_iPad = "UIInterfaceOrientationPortrait UIInterfaceOrientationPortraitUpsideDown UIInterfaceOrientationLandscapeLeft UIInterfaceOrientationLandscapeRight";
				INFOPLIST_KEY_UISupportedInterfaceOrientations_iPhone = "UIInterfaceOrientationPortrait UIInterfaceOrientationLandscapeLeft UIInterfaceOrientationLandscapeRight";
				LD_RUNPATH_SEARCH_PATHS = (
					"$(inherited)",
					"@executable_path/Frameworks",
				);
				MARKETING_VERSION = 1.0;
				PRODUCT_BUNDLE_IDENTIFIER = com.infoapps.RickAndMorty;
				PRODUCT_NAME = "$(TARGET_NAME)";
				SWIFT_EMIT_LOC_STRINGS = YES;
				SWIFT_VERSION = 5.0;
				TARGETED_DEVICE_FAMILY = "1,2";
			};
			name = Debug;
		};
		208C261729A5FE67002F7545 /* Release */ = {
			isa = XCBuildConfiguration;
			buildSettings = {
				ASSETCATALOG_COMPILER_APPICON_NAME = AppIcon;
				ASSETCATALOG_COMPILER_GLOBAL_ACCENT_COLOR_NAME = AccentColor;
				CODE_SIGN_STYLE = Automatic;
				CURRENT_PROJECT_VERSION = 1;
				DEVELOPMENT_TEAM = ZPSVCH7SV3;
				GENERATE_INFOPLIST_FILE = YES;
				INFOPLIST_FILE = RickAndMorty/Info.plist;
				INFOPLIST_KEY_UIApplicationSupportsIndirectInputEvents = YES;
				INFOPLIST_KEY_UILaunchStoryboardName = LaunchScreen;
				INFOPLIST_KEY_UISupportedInterfaceOrientations_iPad = "UIInterfaceOrientationPortrait UIInterfaceOrientationPortraitUpsideDown UIInterfaceOrientationLandscapeLeft UIInterfaceOrientationLandscapeRight";
				INFOPLIST_KEY_UISupportedInterfaceOrientations_iPhone = "UIInterfaceOrientationPortrait UIInterfaceOrientationLandscapeLeft UIInterfaceOrientationLandscapeRight";
				LD_RUNPATH_SEARCH_PATHS = (
					"$(inherited)",
					"@executable_path/Frameworks",
				);
				MARKETING_VERSION = 1.0;
				PRODUCT_BUNDLE_IDENTIFIER = com.infoapps.RickAndMorty;
				PRODUCT_NAME = "$(TARGET_NAME)";
				SWIFT_EMIT_LOC_STRINGS = YES;
				SWIFT_VERSION = 5.0;
				TARGETED_DEVICE_FAMILY = "1,2";
			};
			name = Release;
		};
/* End XCBuildConfiguration section */

/* Begin XCConfigurationList section */
		208C25FC29A5FE65002F7545 /* Build configuration list for PBXProject "RickAndMorty" */ = {
			isa = XCConfigurationList;
			buildConfigurations = (
				208C261329A5FE67002F7545 /* Debug */,
				208C261429A5FE67002F7545 /* Release */,
			);
			defaultConfigurationIsVisible = 0;
			defaultConfigurationName = Release;
		};
		208C261529A5FE67002F7545 /* Build configuration list for PBXNativeTarget "RickAndMorty" */ = {
			isa = XCConfigurationList;
			buildConfigurations = (
				208C261629A5FE67002F7545 /* Debug */,
				208C261729A5FE67002F7545 /* Release */,
			);
			defaultConfigurationIsVisible = 0;
			defaultConfigurationName = Release;
		};
/* End XCConfigurationList section */
	};
	rootObject = 208C25F929A5FE65002F7545 /* Project object */;
}
